// !$*UTF8*$!
{
	archiveVersion = 1;
	classes = {
	};
	objectVersion = 56;
	objects = {

/* Begin PBXBuildFile section */
		4D24E184296EE01300C42205 /* LitlleLemonMenuApp.swift in Sources */ = {isa = PBXBuildFile; fileRef = 4D24E183296EE01300C42205 /* LitlleLemonMenuApp.swift */; };
		4D24E186296EE01300C42205 /* ContentView.swift in Sources */ = {isa = PBXBuildFile; fileRef = 4D24E185296EE01300C42205 /* ContentView.swift */; };
		4D24E188296EE01400C42205 /* Assets.xcassets in Resources */ = {isa = PBXBuildFile; fileRef = 4D24E187296EE01400C42205 /* Assets.xcassets */; };
		4D24E18B296EE01400C42205 /* Preview Assets.xcassets in Resources */ = {isa = PBXBuildFile; fileRef = 4D24E18A296EE01400C42205 /* Preview Assets.xcassets */; };
		4D24E195296EE01400C42205 /* LitlleLemonMenuTests.swift in Sources */ = {isa = PBXBuildFile; fileRef = 4D24E194296EE01400C42205 /* LitlleLemonMenuTests.swift */; };
		4D24E19F296EE01400C42205 /* LitlleLemonMenuUITests.swift in Sources */ = {isa = PBXBuildFile; fileRef = 4D24E19E296EE01400C42205 /* LitlleLemonMenuUITests.swift */; };
		4D24E1A1296EE01400C42205 /* LitlleLemonMenuUITestsLaunchTests.swift in Sources */ = {isa = PBXBuildFile; fileRef = 4D24E1A0296EE01400C42205 /* LitlleLemonMenuUITestsLaunchTests.swift */; };
		4D24E1AE296EE0AD00C42205 /* MenuItemsView.swift in Sources */ = {isa = PBXBuildFile; fileRef = 4D24E1AD296EE0AD00C42205 /* MenuItemsView.swift */; };
		4D5E18DA297212FD007F19A5 /* MenuItemsOptionView.swift in Sources */ = {isa = PBXBuildFile; fileRef = 4D5E18D9297212FD007F19A5 /* MenuItemsOptionView.swift */; };
		4D5E18DC29721310007F19A5 /* MenuItemDetailsView.swift in Sources */ = {isa = PBXBuildFile; fileRef = 4D5E18DB29721310007F19A5 /* MenuItemDetailsView.swift */; };
		4D83CC4C297348C700E09065 /* Filter.swift in Sources */ = {isa = PBXBuildFile; fileRef = 4D83CC4B297348C700E09065 /* Filter.swift */; };
		4D83CC4E2973495700E09065 /* Menu.swift in Sources */ = {isa = PBXBuildFile; fileRef = 4D83CC4D2973495700E09065 /* Menu.swift */; };
		4DB270C4297A878C00C05BDF /* Ingedient.swift in Sources */ = {isa = PBXBuildFile; fileRef = 4DB270C3297A878C00C05BDF /* Ingedient.swift */; };
		4DB270C6297A886500C05BDF /* MenuItemModel.swift in Sources */ = {isa = PBXBuildFile; fileRef = 4DB270C5297A886500C05BDF /* MenuItemModel.swift */; };
/* End PBXBuildFile section */

/* Begin PBXContainerItemProxy section */
		4D24E191296EE01400C42205 /* PBXContainerItemProxy */ = {
			isa = PBXContainerItemProxy;
			containerPortal = 4D24E178296EE01300C42205 /* Project object */;
			proxyType = 1;
			remoteGlobalIDString = 4D24E17F296EE01300C42205;
			remoteInfo = LitlleLemonMenu;
		};
		4D24E19B296EE01400C42205 /* PBXContainerItemProxy */ = {
			isa = PBXContainerItemProxy;
			containerPortal = 4D24E178296EE01300C42205 /* Project object */;
			proxyType = 1;
			remoteGlobalIDString = 4D24E17F296EE01300C42205;
			remoteInfo = LitlleLemonMenu;
		};
/* End PBXContainerItemProxy section */

/* Begin PBXFileReference section */
		4D24E180296EE01300C42205 /* LitlleLemonMenu.app */ = {isa = PBXFileReference; explicitFileType = wrapper.application; includeInIndex = 0; path = LitlleLemonMenu.app; sourceTree = BUILT_PRODUCTS_DIR; };
		4D24E183296EE01300C42205 /* LitlleLemonMenuApp.swift */ = {isa = PBXFileReference; lastKnownFileType = sourcecode.swift; path = LitlleLemonMenuApp.swift; sourceTree = "<group>"; };
		4D24E185296EE01300C42205 /* ContentView.swift */ = {isa = PBXFileReference; lastKnownFileType = sourcecode.swift; path = ContentView.swift; sourceTree = "<group>"; };
		4D24E187296EE01400C42205 /* Assets.xcassets */ = {isa = PBXFileReference; lastKnownFileType = folder.assetcatalog; path = Assets.xcassets; sourceTree = "<group>"; };
		4D24E18A296EE01400C42205 /* Preview Assets.xcassets */ = {isa = PBXFileReference; lastKnownFileType = folder.assetcatalog; path = "Preview Assets.xcassets"; sourceTree = "<group>"; };
		4D24E190296EE01400C42205 /* LitlleLemonMenuTests.xctest */ = {isa = PBXFileReference; explicitFileType = wrapper.cfbundle; includeInIndex = 0; path = LitlleLemonMenuTests.xctest; sourceTree = BUILT_PRODUCTS_DIR; };
		4D24E194296EE01400C42205 /* LitlleLemonMenuTests.swift */ = {isa = PBXFileReference; lastKnownFileType = sourcecode.swift; path = LitlleLemonMenuTests.swift; sourceTree = "<group>"; };
		4D24E19A296EE01400C42205 /* LitlleLemonMenuUITests.xctest */ = {isa = PBXFileReference; explicitFileType = wrapper.cfbundle; includeInIndex = 0; path = LitlleLemonMenuUITests.xctest; sourceTree = BUILT_PRODUCTS_DIR; };
		4D24E19E296EE01400C42205 /* LitlleLemonMenuUITests.swift */ = {isa = PBXFileReference; lastKnownFileType = sourcecode.swift; path = LitlleLemonMenuUITests.swift; sourceTree = "<group>"; };
		4D24E1A0296EE01400C42205 /* LitlleLemonMenuUITestsLaunchTests.swift */ = {isa = PBXFileReference; lastKnownFileType = sourcecode.swift; path = LitlleLemonMenuUITestsLaunchTests.swift; sourceTree = "<group>"; };
		4D24E1AD296EE0AD00C42205 /* MenuItemsView.swift */ = {isa = PBXFileReference; lastKnownFileType = sourcecode.swift; path = MenuItemsView.swift; sourceTree = "<group>"; };
		4D5E18D9297212FD007F19A5 /* MenuItemsOptionView.swift */ = {isa = PBXFileReference; lastKnownFileType = sourcecode.swift; path = MenuItemsOptionView.swift; sourceTree = "<group>"; };
		4D5E18DB29721310007F19A5 /* MenuItemDetailsView.swift */ = {isa = PBXFileReference; lastKnownFileType = sourcecode.swift; path = MenuItemDetailsView.swift; sourceTree = "<group>"; };
		4D83CC4B297348C700E09065 /* Filter.swift */ = {isa = PBXFileReference; lastKnownFileType = sourcecode.swift; path = Filter.swift; sourceTree = "<group>"; };
		4D83CC4D2973495700E09065 /* Menu.swift */ = {isa = PBXFileReference; lastKnownFileType = sourcecode.swift; path = Menu.swift; sourceTree = "<group>"; };
		4DB270C3297A878C00C05BDF /* Ingedient.swift */ = {isa = PBXFileReference; lastKnownFileType = sourcecode.swift; path = Ingedient.swift; sourceTree = "<group>"; };
		4DB270C5297A886500C05BDF /* MenuItemModel.swift */ = {isa = PBXFileReference; lastKnownFileType = sourcecode.swift; path = MenuItemModel.swift; sourceTree = "<group>"; };
/* End PBXFileReference section */

/* Begin PBXFrameworksBuildPhase section */
		4D24E17D296EE01300C42205 /* Frameworks */ = {
			isa = PBXFrameworksBuildPhase;
			buildActionMask = 2147483647;
			files = (
			);
			runOnlyForDeploymentPostprocessing = 0;
		};
		4D24E18D296EE01400C42205 /* Frameworks */ = {
			isa = PBXFrameworksBuildPhase;
			buildActionMask = 2147483647;
			files = (
			);
			runOnlyForDeploymentPostprocessing = 0;
		};
		4D24E197296EE01400C42205 /* Frameworks */ = {
			isa = PBXFrameworksBuildPhase;
			buildActionMask = 2147483647;
			files = (
			);
			runOnlyForDeploymentPostprocessing = 0;
		};
/* End PBXFrameworksBuildPhase section */

/* Begin PBXGroup section */
		4D24E177296EE01300C42205 = {
			isa = PBXGroup;
			children = (
				4D24E182296EE01300C42205 /* LitlleLemonMenu */,
				4D24E193296EE01400C42205 /* LitlleLemonMenuTests */,
				4D24E19D296EE01400C42205 /* LitlleLemonMenuUITests */,
				4D24E181296EE01300C42205 /* Products */,
			);
			sourceTree = "<group>";
		};
		4D24E181296EE01300C42205 /* Products */ = {
			isa = PBXGroup;
			children = (
				4D24E180296EE01300C42205 /* LitlleLemonMenu.app */,
				4D24E190296EE01400C42205 /* LitlleLemonMenuTests.xctest */,
				4D24E19A296EE01400C42205 /* LitlleLemonMenuUITests.xctest */,
			);
			name = Products;
			sourceTree = "<group>";
		};
		4D24E182296EE01300C42205 /* LitlleLemonMenu */ = {
			isa = PBXGroup;
			children = (
				4D24E183296EE01300C42205 /* LitlleLemonMenuApp.swift */,
				4D24E185296EE01300C42205 /* ContentView.swift */,
				4D24E187296EE01400C42205 /* Assets.xcassets */,
				4D24E189296EE01400C42205 /* Preview Content */,
				4D24E1AD296EE0AD00C42205 /* MenuItemsView.swift */,
				4D5E18D9297212FD007F19A5 /* MenuItemsOptionView.swift */,
				4D5E18DB29721310007F19A5 /* MenuItemDetailsView.swift */,
				4DB270C2297A845F00C05BDF /* Models */,
				4D83CC4A297348B100E09065 /* Enums */,
			);
			path = LitlleLemonMenu;
			sourceTree = "<group>";
		};
		4D24E189296EE01400C42205 /* Preview Content */ = {
			isa = PBXGroup;
			children = (
				4D24E18A296EE01400C42205 /* Preview Assets.xcassets */,
			);
			path = "Preview Content";
			sourceTree = "<group>";
		};
		4D24E193296EE01400C42205 /* LitlleLemonMenuTests */ = {
			isa = PBXGroup;
			children = (
				4D24E194296EE01400C42205 /* LitlleLemonMenuTests.swift */,
			);
			path = LitlleLemonMenuTests;
			sourceTree = "<group>";
		};
		4D24E19D296EE01400C42205 /* LitlleLemonMenuUITests */ = {
			isa = PBXGroup;
			children = (
				4D24E19E296EE01400C42205 /* LitlleLemonMenuUITests.swift */,
				4D24E1A0296EE01400C42205 /* LitlleLemonMenuUITestsLaunchTests.swift */,
			);
			path = LitlleLemonMenuUITests;
			sourceTree = "<group>";
		};
		4D83CC4A297348B100E09065 /* Enums */ = {
			isa = PBXGroup;
			children = (
				4D83CC4B297348C700E09065 /* Filter.swift */,
				4D83CC4D2973495700E09065 /* Menu.swift */,
				4DB270C3297A878C00C05BDF /* Ingedient.swift */,
			);
			path = Enums;
			sourceTree = "<group>";
		};
		4DB270C2297A845F00C05BDF /* Models */ = {
			isa = PBXGroup;
			children = (
				4DB270C5297A886500C05BDF /* MenuItemModel.swift */,
			);
			path = Models;
			sourceTree = "<group>";
		};
/* End PBXGroup section */

/* Begin PBXNativeTarget section */
		4D24E17F296EE01300C42205 /* LitlleLemonMenu */ = {
			isa = PBXNativeTarget;
			buildConfigurationList = 4D24E1A4296EE01400C42205 /* Build configuration list for PBXNativeTarget "LitlleLemonMenu" */;
			buildPhases = (
				4D24E17C296EE01300C42205 /* Sources */,
				4D24E17D296EE01300C42205 /* Frameworks */,
				4D24E17E296EE01300C42205 /* Resources */,
			);
			buildRules = (
			);
			dependencies = (
			);
			name = LitlleLemonMenu;
			productName = LitlleLemonMenu;
			productReference = 4D24E180296EE01300C42205 /* LitlleLemonMenu.app */;
			productType = "com.apple.product-type.application";
		};
		4D24E18F296EE01400C42205 /* LitlleLemonMenuTests */ = {
			isa = PBXNativeTarget;
			buildConfigurationList = 4D24E1A7296EE01400C42205 /* Build configuration list for PBXNativeTarget "LitlleLemonMenuTests" */;
			buildPhases = (
				4D24E18C296EE01400C42205 /* Sources */,
				4D24E18D296EE01400C42205 /* Frameworks */,
				4D24E18E296EE01400C42205 /* Resources */,
			);
			buildRules = (
			);
			dependencies = (
				4D24E192296EE01400C42205 /* PBXTargetDependency */,
			);
			name = LitlleLemonMenuTests;
			productName = LitlleLemonMenuTests;
			productReference = 4D24E190296EE01400C42205 /* LitlleLemonMenuTests.xctest */;
			productType = "com.apple.product-type.bundle.unit-test";
		};
		4D24E199296EE01400C42205 /* LitlleLemonMenuUITests */ = {
			isa = PBXNativeTarget;
			buildConfigurationList = 4D24E1AA296EE01400C42205 /* Build configuration list for PBXNativeTarget "LitlleLemonMenuUITests" */;
			buildPhases = (
				4D24E196296EE01400C42205 /* Sources */,
				4D24E197296EE01400C42205 /* Frameworks */,
				4D24E198296EE01400C42205 /* Resources */,
			);
			buildRules = (
			);
			dependencies = (
				4D24E19C296EE01400C42205 /* PBXTargetDependency */,
			);
			name = LitlleLemonMenuUITests;
			productName = LitlleLemonMenuUITests;
			productReference = 4D24E19A296EE01400C42205 /* LitlleLemonMenuUITests.xctest */;
			productType = "com.apple.product-type.bundle.ui-testing";
		};
/* End PBXNativeTarget section */

/* Begin PBXProject section */
		4D24E178296EE01300C42205 /* Project object */ = {
			isa = PBXProject;
			attributes = {
				BuildIndependentTargetsInParallel = 1;
				LastSwiftUpdateCheck = 1420;
				LastUpgradeCheck = 1420;
				TargetAttributes = {
					4D24E17F296EE01300C42205 = {
						CreatedOnToolsVersion = 14.2;
					};
					4D24E18F296EE01400C42205 = {
						CreatedOnToolsVersion = 14.2;
						TestTargetID = 4D24E17F296EE01300C42205;
					};
					4D24E199296EE01400C42205 = {
						CreatedOnToolsVersion = 14.2;
						TestTargetID = 4D24E17F296EE01300C42205;
					};
				};
			};
			buildConfigurationList = 4D24E17B296EE01300C42205 /* Build configuration list for PBXProject "LitlleLemonMenu" */;
			compatibilityVersion = "Xcode 14.0";
			developmentRegion = en;
			hasScannedForEncodings = 0;
			knownRegions = (
				en,
				Base,
			);
			mainGroup = 4D24E177296EE01300C42205;
			productRefGroup = 4D24E181296EE01300C42205 /* Products */;
			projectDirPath = "";
			projectRoot = "";
			targets = (
				4D24E17F296EE01300C42205 /* LitlleLemonMenu */,
				4D24E18F296EE01400C42205 /* LitlleLemonMenuTests */,
				4D24E199296EE01400C42205 /* LitlleLemonMenuUITests */,
			);
		};
/* End PBXProject section */

/* Begin PBXResourcesBuildPhase section */
		4D24E17E296EE01300C42205 /* Resources */ = {
			isa = PBXResourcesBuildPhase;
			buildActionMask = 2147483647;
			files = (
				4D24E18B296EE01400C42205 /* Preview Assets.xcassets in Resources */,
				4D24E188296EE01400C42205 /* Assets.xcassets in Resources */,
			);
			runOnlyForDeploymentPostprocessing = 0;
		};
		4D24E18E296EE01400C42205 /* Resources */ = {
			isa = PBXResourcesBuildPhase;
			buildActionMask = 2147483647;
			files = (
			);
			runOnlyForDeploymentPostprocessing = 0;
		};
		4D24E198296EE01400C42205 /* Resources */ = {
			isa = PBXResourcesBuildPhase;
			buildActionMask = 2147483647;
			files = (
			);
			runOnlyForDeploymentPostprocessing = 0;
		};
/* End PBXResourcesBuildPhase section */

/* Begin PBXSourcesBuildPhase section */
		4D24E17C296EE01300C42205 /* Sources */ = {
			isa = PBXSourcesBuildPhase;
			buildActionMask = 2147483647;
			files = (
				4D24E186296EE01300C42205 /* ContentView.swift in Sources */,
				4DB270C4297A878C00C05BDF /* Ingedient.swift in Sources */,
				4DB270C6297A886500C05BDF /* MenuItemModel.swift in Sources */,
				4D83CC4C297348C700E09065 /* Filter.swift in Sources */,
				4D83CC4E2973495700E09065 /* Menu.swift in Sources */,
				4D24E1AE296EE0AD00C42205 /* MenuItemsView.swift in Sources */,
				4D24E184296EE01300C42205 /* LitlleLemonMenuApp.swift in Sources */,
				4D5E18DA297212FD007F19A5 /* MenuItemsOptionView.swift in Sources */,
				4D5E18DC29721310007F19A5 /* MenuItemDetailsView.swift in Sources */,
			);
			runOnlyForDeploymentPostprocessing = 0;
		};
		4D24E18C296EE01400C42205 /* Sources */ = {
			isa = PBXSourcesBuildPhase;
			buildActionMask = 2147483647;
			files = (
				4D24E195296EE01400C42205 /* LitlleLemonMenuTests.swift in Sources */,
			);
			runOnlyForDeploymentPostprocessing = 0;
		};
		4D24E196296EE01400C42205 /* Sources */ = {
			isa = PBXSourcesBuildPhase;
			buildActionMask = 2147483647;
			files = (
				4D24E19F296EE01400C42205 /* LitlleLemonMenuUITests.swift in Sources */,
				4D24E1A1296EE01400C42205 /* LitlleLemonMenuUITestsLaunchTests.swift in Sources */,
			);
			runOnlyForDeploymentPostprocessing = 0;
		};
/* End PBXSourcesBuildPhase section */

/* Begin PBXTargetDependency section */
		4D24E192296EE01400C42205 /* PBXTargetDependency */ = {
			isa = PBXTargetDependency;
			target = 4D24E17F296EE01300C42205 /* LitlleLemonMenu */;
			targetProxy = 4D24E191296EE01400C42205 /* PBXContainerItemProxy */;
		};
		4D24E19C296EE01400C42205 /* PBXTargetDependency */ = {
			isa = PBXTargetDependency;
			target = 4D24E17F296EE01300C42205 /* LitlleLemonMenu */;
			targetProxy = 4D24E19B296EE01400C42205 /* PBXContainerItemProxy */;
		};
/* End PBXTargetDependency section */

/* Begin XCBuildConfiguration section */
		4D24E1A2296EE01400C42205 /* Debug */ = {
			isa = XCBuildConfiguration;
			buildSettings = {
				ALWAYS_SEARCH_USER_PATHS = NO;
				CLANG_ANALYZER_NONNULL = YES;
				CLANG_ANALYZER_NUMBER_OBJECT_CONVERSION = YES_AGGRESSIVE;
				CLANG_CXX_LANGUAGE_STANDARD = "gnu++20";
				CLANG_ENABLE_MODULES = YES;
				CLANG_ENABLE_OBJC_ARC = YES;
				CLANG_ENABLE_OBJC_WEAK = YES;
				CLANG_WARN_BLOCK_CAPTURE_AUTORELEASING = YES;
				CLANG_WARN_BOOL_CONVERSION = YES;
				CLANG_WARN_COMMA = YES;
				CLANG_WARN_CONSTANT_CONVERSION = YES;
				CLANG_WARN_DEPRECATED_OBJC_IMPLEMENTATIONS = YES;
				CLANG_WARN_DIRECT_OBJC_ISA_USAGE = YES_ERROR;
				CLANG_WARN_DOCUMENTATION_COMMENTS = YES;
				CLANG_WARN_EMPTY_BODY = YES;
				CLANG_WARN_ENUM_CONVERSION = YES;
				CLANG_WARN_INFINITE_RECURSION = YES;
				CLANG_WARN_INT_CONVERSION = YES;
				CLANG_WARN_NON_LITERAL_NULL_CONVERSION = YES;
				CLANG_WARN_OBJC_IMPLICIT_RETAIN_SELF = YES;
				CLANG_WARN_OBJC_LITERAL_CONVERSION = YES;
				CLANG_WARN_OBJC_ROOT_CLASS = YES_ERROR;
				CLANG_WARN_QUOTED_INCLUDE_IN_FRAMEWORK_HEADER = YES;
				CLANG_WARN_RANGE_LOOP_ANALYSIS = YES;
				CLANG_WARN_STRICT_PROTOTYPES = YES;
				CLANG_WARN_SUSPICIOUS_MOVE = YES;
				CLANG_WARN_UNGUARDED_AVAILABILITY = YES_AGGRESSIVE;
				CLANG_WARN_UNREACHABLE_CODE = YES;
				CLANG_WARN__DUPLICATE_METHOD_MATCH = YES;
				COPY_PHASE_STRIP = NO;
				DEBUG_INFORMATION_FORMAT = dwarf;
				ENABLE_STRICT_OBJC_MSGSEND = YES;
				ENABLE_TESTABILITY = YES;
				GCC_C_LANGUAGE_STANDARD = gnu11;
				GCC_DYNAMIC_NO_PIC = NO;
				GCC_NO_COMMON_BLOCKS = YES;
				GCC_OPTIMIZATION_LEVEL = 0;
				GCC_PREPROCESSOR_DEFINITIONS = (
					"DEBUG=1",
					"$(inherited)",
				);
				GCC_WARN_64_TO_32_BIT_CONVERSION = YES;
				GCC_WARN_ABOUT_RETURN_TYPE = YES_ERROR;
				GCC_WARN_UNDECLARED_SELECTOR = YES;
				GCC_WARN_UNINITIALIZED_AUTOS = YES_AGGRESSIVE;
				GCC_WARN_UNUSED_FUNCTION = YES;
				GCC_WARN_UNUSED_VARIABLE = YES;
				IPHONEOS_DEPLOYMENT_TARGET = 16.2;
				MTL_ENABLE_DEBUG_INFO = INCLUDE_SOURCE;
				MTL_FAST_MATH = YES;
				ONLY_ACTIVE_ARCH = YES;
				SDKROOT = iphoneos;
				SWIFT_ACTIVE_COMPILATION_CONDITIONS = DEBUG;
				SWIFT_OPTIMIZATION_LEVEL = "-Onone";
			};
			name = Debug;
		};
		4D24E1A3296EE01400C42205 /* Release */ = {
			isa = XCBuildConfiguration;
			buildSettings = {
				ALWAYS_SEARCH_USER_PATHS = NO;
				CLANG_ANALYZER_NONNULL = YES;
				CLANG_ANALYZER_NUMBER_OBJECT_CONVERSION = YES_AGGRESSIVE;
				CLANG_CXX_LANGUAGE_STANDARD = "gnu++20";
				CLANG_ENABLE_MODULES = YES;
				CLANG_ENABLE_OBJC_ARC = YES;
				CLANG_ENABLE_OBJC_WEAK = YES;
				CLANG_WARN_BLOCK_CAPTURE_AUTORELEASING = YES;
				CLANG_WARN_BOOL_CONVERSION = YES;
				CLANG_WARN_COMMA = YES;
				CLANG_WARN_CONSTANT_CONVERSION = YES;
				CLANG_WARN_DEPRECATED_OBJC_IMPLEMENTATIONS = YES;
				CLANG_WARN_DIRECT_OBJC_ISA_USAGE = YES_ERROR;
				CLANG_WARN_DOCUMENTATION_COMMENTS = YES;
				CLANG_WARN_EMPTY_BODY = YES;
				CLANG_WARN_ENUM_CONVERSION = YES;
				CLANG_WARN_INFINITE_RECURSION = YES;
				CLANG_WARN_INT_CONVERSION = YES;
				CLANG_WARN_NON_LITERAL_NULL_CONVERSION = YES;
				CLANG_WARN_OBJC_IMPLICIT_RETAIN_SELF = YES;
				CLANG_WARN_OBJC_LITERAL_CONVERSION = YES;
				CLANG_WARN_OBJC_ROOT_CLASS = YES_ERROR;
				CLANG_WARN_QUOTED_INCLUDE_IN_FRAMEWORK_HEADER = YES;
				CLANG_WARN_RANGE_LOOP_ANALYSIS = YES;
				CLANG_WARN_STRICT_PROTOTYPES = YES;
				CLANG_WARN_SUSPICIOUS_MOVE = YES;
				CLANG_WARN_UNGUARDED_AVAILABILITY = YES_AGGRESSIVE;
				CLANG_WARN_UNREACHABLE_CODE = YES;
				CLANG_WARN__DUPLICATE_METHOD_MATCH = YES;
				COPY_PHASE_STRIP = NO;
				DEBUG_INFORMATION_FORMAT = "dwarf-with-dsym";
				ENABLE_NS_ASSERTIONS = NO;
				ENABLE_STRICT_OBJC_MSGSEND = YES;
				GCC_C_LANGUAGE_STANDARD = gnu11;
				GCC_NO_COMMON_BLOCKS = YES;
				GCC_WARN_64_TO_32_BIT_CONVERSION = YES;
				GCC_WARN_ABOUT_RETURN_TYPE = YES_ERROR;
				GCC_WARN_UNDECLARED_SELECTOR = YES;
				GCC_WARN_UNINITIALIZED_AUTOS = YES_AGGRESSIVE;
				GCC_WARN_UNUSED_FUNCTION = YES;
				GCC_WARN_UNUSED_VARIABLE = YES;
				IPHONEOS_DEPLOYMENT_TARGET = 16.2;
				MTL_ENABLE_DEBUG_INFO = NO;
				MTL_FAST_MATH = YES;
				SDKROOT = iphoneos;
				SWIFT_COMPILATION_MODE = wholemodule;
				SWIFT_OPTIMIZATION_LEVEL = "-O";
				VALIDATE_PRODUCT = YES;
			};
			name = Release;
		};
		4D24E1A5296EE01400C42205 /* Debug */ = {
			isa = XCBuildConfiguration;
			buildSettings = {
				ASSETCATALOG_COMPILER_APPICON_NAME = AppIcon;
				ASSETCATALOG_COMPILER_GLOBAL_ACCENT_COLOR_NAME = AccentColor;
				CODE_SIGN_STYLE = Automatic;
				CURRENT_PROJECT_VERSION = 1;
				DEVELOPMENT_ASSET_PATHS = "\"LitlleLemonMenu/Preview Content\"";
				DEVELOPMENT_TEAM = 29Y78V9379;
				ENABLE_PREVIEWS = YES;
				GENERATE_INFOPLIST_FILE = YES;
				INFOPLIST_KEY_UIApplicationSceneManifest_Generation = YES;
				INFOPLIST_KEY_UIApplicationSupportsIndirectInputEvents = YES;
				INFOPLIST_KEY_UILaunchScreen_Generation = YES;
				INFOPLIST_KEY_UISupportedInterfaceOrientations_iPad = "UIInterfaceOrientationPortrait UIInterfaceOrientationPortraitUpsideDown UIInterfaceOrientationLandscapeLeft UIInterfaceOrientationLandscapeRight";
				INFOPLIST_KEY_UISupportedInterfaceOrientations_iPhone = "UIInterfaceOrientationPortrait UIInterfaceOrientationLandscapeLeft UIInterfaceOrientationLandscapeRight";
				LD_RUNPATH_SEARCH_PATHS = (
					"$(inherited)",
					"@executable_path/Frameworks",
				);
				MARKETING_VERSION = 1.0;
				PRODUCT_BUNDLE_IDENTIFIER = fedinabli.LitlleLemonMenu;
				PRODUCT_NAME = "$(TARGET_NAME)";
				SWIFT_EMIT_LOC_STRINGS = YES;
				SWIFT_VERSION = 5.0;
				TARGETED_DEVICE_FAMILY = "1,2";
			};
			name = Debug;
		};
		4D24E1A6296EE01400C42205 /* Release */ = {
			isa = XCBuildConfiguration;
			buildSettings = {
				ASSETCATALOG_COMPILER_APPICON_NAME = AppIcon;
				ASSETCATALOG_COMPILER_GLOBAL_ACCENT_COLOR_NAME = AccentColor;
				CODE_SIGN_STYLE = Automatic;
				CURRENT_PROJECT_VERSION = 1;
				DEVELOPMENT_ASSET_PATHS = "\"LitlleLemonMenu/Preview Content\"";
				DEVELOPMENT_TEAM = 29Y78V9379;
				ENABLE_PREVIEWS = YES;
				GENERATE_INFOPLIST_FILE = YES;
				INFOPLIST_KEY_UIApplicationSceneManifest_Generation = YES;
				INFOPLIST_KEY_UIApplicationSupportsIndirectInputEvents = YES;
				INFOPLIST_KEY_UILaunchScreen_Generation = YES;
				INFOPLIST_KEY_UISupportedInterfaceOrientations_iPad = "UIInterfaceOrientationPortrait UIInterfaceOrientationPortraitUpsideDown UIInterfaceOrientationLandscapeLeft UIInterfaceOrientationLandscapeRight";
				INFOPLIST_KEY_UISupportedInterfaceOrientations_iPhone = "UIInterfaceOrientationPortrait UIInterfaceOrientationLandscapeLeft UIInterfaceOrientationLandscapeRight";
				LD_RUNPATH_SEARCH_PATHS = (
					"$(inherited)",
					"@executable_path/Frameworks",
				);
				MARKETING_VERSION = 1.0;
				PRODUCT_BUNDLE_IDENTIFIER = fedinabli.LitlleLemonMenu;
				PRODUCT_NAME = "$(TARGET_NAME)";
				SWIFT_EMIT_LOC_STRINGS = YES;
				SWIFT_VERSION = 5.0;
				TARGETED_DEVICE_FAMILY = "1,2";
			};
			name = Release;
		};
		4D24E1A8296EE01400C42205 /* Debug */ = {
			isa = XCBuildConfiguration;
			buildSettings = {
				ALWAYS_EMBED_SWIFT_STANDARD_LIBRARIES = YES;
				BUNDLE_LOADER = "$(TEST_HOST)";
				CODE_SIGN_STYLE = Automatic;
				CURRENT_PROJECT_VERSION = 1;
				DEVELOPMENT_TEAM = 29Y78V9379;
				GENERATE_INFOPLIST_FILE = YES;
				IPHONEOS_DEPLOYMENT_TARGET = 16.2;
				MARKETING_VERSION = 1.0;
				PRODUCT_BUNDLE_IDENTIFIER = fedinabli.LitlleLemonMenuTests;
				PRODUCT_NAME = "$(TARGET_NAME)";
				SWIFT_EMIT_LOC_STRINGS = NO;
				SWIFT_VERSION = 5.0;
				TARGETED_DEVICE_FAMILY = "1,2";
				TEST_HOST = "$(BUILT_PRODUCTS_DIR)/LitlleLemonMenu.app/$(BUNDLE_EXECUTABLE_FOLDER_PATH)/LitlleLemonMenu";
			};
			name = Debug;
		};
		4D24E1A9296EE01400C42205 /* Release */ = {
			isa = XCBuildConfiguration;
			buildSettings = {
				ALWAYS_EMBED_SWIFT_STANDARD_LIBRARIES = YES;
				BUNDLE_LOADER = "$(TEST_HOST)";
				CODE_SIGN_STYLE = Automatic;
				CURRENT_PROJECT_VERSION = 1;
				DEVELOPMENT_TEAM = 29Y78V9379;
				GENERATE_INFOPLIST_FILE = YES;
				IPHONEOS_DEPLOYMENT_TARGET = 16.2;
				MARKETING_VERSION = 1.0;
				PRODUCT_BUNDLE_IDENTIFIER = fedinabli.LitlleLemonMenuTests;
				PRODUCT_NAME = "$(TARGET_NAME)";
				SWIFT_EMIT_LOC_STRINGS = NO;
				SWIFT_VERSION = 5.0;
				TARGETED_DEVICE_FAMILY = "1,2";
				TEST_HOST = "$(BUILT_PRODUCTS_DIR)/LitlleLemonMenu.app/$(BUNDLE_EXECUTABLE_FOLDER_PATH)/LitlleLemonMenu";
			};
			name = Release;
		};
		4D24E1AB296EE01400C42205 /* Debug */ = {
			isa = XCBuildConfiguration;
			buildSettings = {
				ALWAYS_EMBED_SWIFT_STANDARD_LIBRARIES = YES;
				CODE_SIGN_STYLE = Automatic;
				CURRENT_PROJECT_VERSION = 1;
				DEVELOPMENT_TEAM = 29Y78V9379;
				GENERATE_INFOPLIST_FILE = YES;
				MARKETING_VERSION = 1.0;
				PRODUCT_BUNDLE_IDENTIFIER = fedinabli.LitlleLemonMenuUITests;
				PRODUCT_NAME = "$(TARGET_NAME)";
				SWIFT_EMIT_LOC_STRINGS = NO;
				SWIFT_VERSION = 5.0;
				TARGETED_DEVICE_FAMILY = "1,2";
				TEST_TARGET_NAME = LitlleLemonMenu;
			};
			name = Debug;
		};
		4D24E1AC296EE01400C42205 /* Release */ = {
			isa = XCBuildConfiguration;
			buildSettings = {
				ALWAYS_EMBED_SWIFT_STANDARD_LIBRARIES = YES;
				CODE_SIGN_STYLE = Automatic;
				CURRENT_PROJECT_VERSION = 1;
				DEVELOPMENT_TEAM = 29Y78V9379;
				GENERATE_INFOPLIST_FILE = YES;
				MARKETING_VERSION = 1.0;
				PRODUCT_BUNDLE_IDENTIFIER = fedinabli.LitlleLemonMenuUITests;
				PRODUCT_NAME = "$(TARGET_NAME)";
				SWIFT_EMIT_LOC_STRINGS = NO;
				SWIFT_VERSION = 5.0;
				TARGETED_DEVICE_FAMILY = "1,2";
				TEST_TARGET_NAME = LitlleLemonMenu;
			};
			name = Release;
		};
/* End XCBuildConfiguration section */

/* Begin XCConfigurationList section */
		4D24E17B296EE01300C42205 /* Build configuration list for PBXProject "LitlleLemonMenu" */ = {
			isa = XCConfigurationList;
			buildConfigurations = (
				4D24E1A2296EE01400C42205 /* Debug */,
				4D24E1A3296EE01400C42205 /* Release */,
			);
			defaultConfigurationIsVisible = 0;
			defaultConfigurationName = Release;
		};
		4D24E1A4296EE01400C42205 /* Build configuration list for PBXNativeTarget "LitlleLemonMenu" */ = {
			isa = XCConfigurationList;
			buildConfigurations = (
				4D24E1A5296EE01400C42205 /* Debug */,
				4D24E1A6296EE01400C42205 /* Release */,
			);
			defaultConfigurationIsVisible = 0;
			defaultConfigurationName = Release;
		};
		4D24E1A7296EE01400C42205 /* Build configuration list for PBXNativeTarget "LitlleLemonMenuTests" */ = {
			isa = XCConfigurationList;
			buildConfigurations = (
				4D24E1A8296EE01400C42205 /* Debug */,
				4D24E1A9296EE01400C42205 /* Release */,
			);
			defaultConfigurationIsVisible = 0;
			defaultConfigurationName = Release;
		};
		4D24E1AA296EE01400C42205 /* Build configuration list for PBXNativeTarget "LitlleLemonMenuUITests" */ = {
			isa = XCConfigurationList;
			buildConfigurations = (
				4D24E1AB296EE01400C42205 /* Debug */,
				4D24E1AC296EE01400C42205 /* Release */,
			);
			defaultConfigurationIsVisible = 0;
			defaultConfigurationName = Release;
		};
/* End XCConfigurationList section */
	};
	rootObject = 4D24E178296EE01300C42205 /* Project object */;
}
